// !$*UTF8*$!
{
	archiveVersion = 1;
	classes = {
	};
	objectVersion = 50;
	objects = {

/* Begin PBXBuildFile section */
		061ABD9FC7115AE4F8DA8C42 /* RedditListPresenterTests.swift in Sources */ = {isa = PBXBuildFile; fileRef = 23F536B69B353FBF70115866 /* RedditListPresenterTests.swift */; };
		2F06B22D87606BFF8EB6CED6 /* RedditListInteractorTests.swift in Sources */ = {isa = PBXBuildFile; fileRef = 7ED9AC0777FA7380D1D9CE7E /* RedditListInteractorTests.swift */; };
		3966DEDAE0A570CCEAD820AA /* RedditListModuleInput.swift in Sources */ = {isa = PBXBuildFile; fileRef = 9683FE587BC2C478A0C7A6B0 /* RedditListModuleInput.swift */; };
		3C4FFC8AADA478F004BC0A99 /* RedditListViewController.swift in Sources */ = {isa = PBXBuildFile; fileRef = 026FD4768901D795037476F6 /* RedditListViewController.swift */; };
		42473F7BE93B94EF32FB6AA7 /* RedditListCoordinator.swift in Sources */ = {isa = PBXBuildFile; fileRef = 8381BB6E954B529C20C2B3CE /* RedditListCoordinator.swift */; };
		60EAFD45D3406EECEDD182B0 /* RedditListFactory.swift in Sources */ = {isa = PBXBuildFile; fileRef = 5DD5563F118088DFB381002C /* RedditListFactory.swift */; };
		63116D3F8849B5D533F8E8E9 /* RedditListPresenter.swift in Sources */ = {isa = PBXBuildFile; fileRef = 13ECE0AEB1DEEA0B4278ECB3 /* RedditListPresenter.swift */; };
		640482783AAEA746CDD3E84A /* RedditListInteractor.swift in Sources */ = {isa = PBXBuildFile; fileRef = 61B7CA259DE1588215BB7C6F /* RedditListInteractor.swift */; };
		6508E59C3C573B51C6E53CBB /* RedditListWireframeInput.swift in Sources */ = {isa = PBXBuildFile; fileRef = 24027B2EE7CCBBDF9A7B9C85 /* RedditListWireframeInput.swift */; };
		69C8F5D394C0D2FF04CD5C06 /* RedditListInteractorOutput.swift in Sources */ = {isa = PBXBuildFile; fileRef = D5DA41A77D2D5B180D3B9340 /* RedditListInteractorOutput.swift */; };
		B3BE136892896780B6CF05CD /* RedditListViewInput.swift in Sources */ = {isa = PBXBuildFile; fileRef = 6EBBEE75B736CA8226501C6B /* RedditListViewInput.swift */; };
		CB650D03A30921CFD7DB3726 /* RedditListInteractorInput.swift in Sources */ = {isa = PBXBuildFile; fileRef = 44F81AB0B80808F0D9C0DC50 /* RedditListInteractorInput.swift */; };
		D76D6A3CFD1CE5109A2B05F7 /* RedditListViewOutput.swift in Sources */ = {isa = PBXBuildFile; fileRef = B6D76412A119F84CA7E42BB5 /* RedditListViewOutput.swift */; };
		DCF624130D33F49580FA617B /* RedditListAssembly.swift in Sources */ = {isa = PBXBuildFile; fileRef = 5FCD3C849F6C0DC3E6F5403A /* RedditListAssembly.swift */; };
		E9EA82FED0B9728A517FF8CD /* RedditListWireframeTests.swift in Sources */ = {isa = PBXBuildFile; fileRef = CF02AB6F1611BAD28B1E856B /* RedditListWireframeTests.swift */; };
		EB3992EA24482B9400162468 /* RedditResponse.swift in Sources */ = {isa = PBXBuildFile; fileRef = EB3992E924482B9400162468 /* RedditResponse.swift */; };
		EB3992EC24482C8D00162468 /* Post.swift in Sources */ = {isa = PBXBuildFile; fileRef = EB3992EB24482C8D00162468 /* Post.swift */; };
		EB3992EE244835E200162468 /* RedditFetcher.swift in Sources */ = {isa = PBXBuildFile; fileRef = EB3992ED244835E200162468 /* RedditFetcher.swift */; };
		EB3992F524488C4000162468 /* RedditTableViewCell.swift in Sources */ = {isa = PBXBuildFile; fileRef = EB3992F124488C3F00162468 /* RedditTableViewCell.swift */; };
		EB3992F624488C4000162468 /* RedditView.swift in Sources */ = {isa = PBXBuildFile; fileRef = EB3992F224488C3F00162468 /* RedditView.swift */; };
		EB3992F724488C4000162468 /* RedditViewLayout.swift in Sources */ = {isa = PBXBuildFile; fileRef = EB3992F324488C3F00162468 /* RedditViewLayout.swift */; };
		EB3992F824488C4000162468 /* UsesAutoLayout.swift in Sources */ = {isa = PBXBuildFile; fileRef = EB3992F424488C3F00162468 /* UsesAutoLayout.swift */; };
		EB3992FA24488F5E00162468 /* RedditPostLayoutConfiguration.swift in Sources */ = {isa = PBXBuildFile; fileRef = EB3992F924488F5E00162468 /* RedditPostLayoutConfiguration.swift */; };
		EB3992FD2448957D00162468 /* String+Localization.swift in Sources */ = {isa = PBXBuildFile; fileRef = EB3992FC2448957D00162468 /* String+Localization.swift */; };
		EB3992FF2448A43700162468 /* UIImageView+Networking.swift in Sources */ = {isa = PBXBuildFile; fileRef = EB3992FE2448A43700162468 /* UIImageView+Networking.swift */; };
		EB9F1F922447AE12000669C6 /* RedditTests.swift in Sources */ = {isa = PBXBuildFile; fileRef = EB9F1F912447AE12000669C6 /* RedditTests.swift */; };
		EB9F1FA12447AFEF000669C6 /* AppDelegate.swift in Sources */ = {isa = PBXBuildFile; fileRef = EB9F1F9E2447AFEF000669C6 /* AppDelegate.swift */; };
		EB9F1FA22447AFEF000669C6 /* SceneDelegate.swift in Sources */ = {isa = PBXBuildFile; fileRef = EB9F1F9F2447AFEF000669C6 /* SceneDelegate.swift */; };
		EB9F1FAA2447B29D000669C6 /* Routable.swift in Sources */ = {isa = PBXBuildFile; fileRef = EB9F1FA42447B29D000669C6 /* Routable.swift */; };
		EB9F1FAB2447B29D000669C6 /* Presentable.swift in Sources */ = {isa = PBXBuildFile; fileRef = EB9F1FA52447B29D000669C6 /* Presentable.swift */; };
		EB9F1FAC2447B29D000669C6 /* Coordinatable.swift in Sources */ = {isa = PBXBuildFile; fileRef = EB9F1FA62447B29D000669C6 /* Coordinatable.swift */; };
		EB9F1FAD2447B29D000669C6 /* Router.swift in Sources */ = {isa = PBXBuildFile; fileRef = EB9F1FA72447B29D000669C6 /* Router.swift */; };
		EB9F1FAE2447B29D000669C6 /* MainCoordinator.swift in Sources */ = {isa = PBXBuildFile; fileRef = EB9F1FA82447B29D000669C6 /* MainCoordinator.swift */; };
		EB9F1FAF2447B29D000669C6 /* BaseCoordinator.swift in Sources */ = {isa = PBXBuildFile; fileRef = EB9F1FA92447B29D000669C6 /* BaseCoordinator.swift */; };
		FF78F73BDB5720D8A1F2D859 /* RedditListViewTests.swift in Sources */ = {isa = PBXBuildFile; fileRef = 066A9B37F593A487C188EFA8 /* RedditListViewTests.swift */; };
/* End PBXBuildFile section */

/* Begin PBXContainerItemProxy section */
		EB9F1F8E2447AE12000669C6 /* PBXContainerItemProxy */ = {
			isa = PBXContainerItemProxy;
			containerPortal = EB9F1F6F2447AE0E000669C6 /* Project object */;
			proxyType = 1;
			remoteGlobalIDString = EB9F1F762447AE0E000669C6;
			remoteInfo = Reddit;
		};
/* End PBXContainerItemProxy section */

/* Begin PBXFileReference section */
		026FD4768901D795037476F6 /* RedditListViewController.swift */ = {isa = PBXFileReference; includeInIndex = 1; lastKnownFileType = sourcecode.swift; path = RedditListViewController.swift; sourceTree = "<group>"; };
		066A9B37F593A487C188EFA8 /* RedditListViewTests.swift */ = {isa = PBXFileReference; includeInIndex = 1; lastKnownFileType = sourcecode.swift; path = RedditListViewTests.swift; sourceTree = "<group>"; };
		13ECE0AEB1DEEA0B4278ECB3 /* RedditListPresenter.swift */ = {isa = PBXFileReference; includeInIndex = 1; lastKnownFileType = sourcecode.swift; path = RedditListPresenter.swift; sourceTree = "<group>"; };
		23F536B69B353FBF70115866 /* RedditListPresenterTests.swift */ = {isa = PBXFileReference; includeInIndex = 1; lastKnownFileType = sourcecode.swift; path = RedditListPresenterTests.swift; sourceTree = "<group>"; };
		24027B2EE7CCBBDF9A7B9C85 /* RedditListWireframeInput.swift */ = {isa = PBXFileReference; includeInIndex = 1; lastKnownFileType = sourcecode.swift; path = RedditListWireframeInput.swift; sourceTree = "<group>"; };
		44F81AB0B80808F0D9C0DC50 /* RedditListInteractorInput.swift */ = {isa = PBXFileReference; includeInIndex = 1; lastKnownFileType = sourcecode.swift; path = RedditListInteractorInput.swift; sourceTree = "<group>"; };
		5DD5563F118088DFB381002C /* RedditListFactory.swift */ = {isa = PBXFileReference; includeInIndex = 1; lastKnownFileType = sourcecode.swift; path = RedditListFactory.swift; sourceTree = "<group>"; };
		5FCD3C849F6C0DC3E6F5403A /* RedditListAssembly.swift */ = {isa = PBXFileReference; includeInIndex = 1; lastKnownFileType = sourcecode.swift; path = RedditListAssembly.swift; sourceTree = "<group>"; };
		61B7CA259DE1588215BB7C6F /* RedditListInteractor.swift */ = {isa = PBXFileReference; includeInIndex = 1; lastKnownFileType = sourcecode.swift; path = RedditListInteractor.swift; sourceTree = "<group>"; };
		6EBBEE75B736CA8226501C6B /* RedditListViewInput.swift */ = {isa = PBXFileReference; includeInIndex = 1; lastKnownFileType = sourcecode.swift; path = RedditListViewInput.swift; sourceTree = "<group>"; };
		7ED9AC0777FA7380D1D9CE7E /* RedditListInteractorTests.swift */ = {isa = PBXFileReference; includeInIndex = 1; lastKnownFileType = sourcecode.swift; path = RedditListInteractorTests.swift; sourceTree = "<group>"; };
		8381BB6E954B529C20C2B3CE /* RedditListCoordinator.swift */ = {isa = PBXFileReference; includeInIndex = 1; lastKnownFileType = sourcecode.swift; path = RedditListCoordinator.swift; sourceTree = "<group>"; };
		9683FE587BC2C478A0C7A6B0 /* RedditListModuleInput.swift */ = {isa = PBXFileReference; includeInIndex = 1; lastKnownFileType = sourcecode.swift; path = RedditListModuleInput.swift; sourceTree = "<group>"; };
		B6D76412A119F84CA7E42BB5 /* RedditListViewOutput.swift */ = {isa = PBXFileReference; includeInIndex = 1; lastKnownFileType = sourcecode.swift; path = RedditListViewOutput.swift; sourceTree = "<group>"; };
		CF02AB6F1611BAD28B1E856B /* RedditListWireframeTests.swift */ = {isa = PBXFileReference; includeInIndex = 1; lastKnownFileType = sourcecode.swift; path = RedditListWireframeTests.swift; sourceTree = "<group>"; };
		D5DA41A77D2D5B180D3B9340 /* RedditListInteractorOutput.swift */ = {isa = PBXFileReference; includeInIndex = 1; lastKnownFileType = sourcecode.swift; path = RedditListInteractorOutput.swift; sourceTree = "<group>"; };
		EB3992E924482B9400162468 /* RedditResponse.swift */ = {isa = PBXFileReference; lastKnownFileType = sourcecode.swift; path = RedditResponse.swift; sourceTree = "<group>"; };
		EB3992EB24482C8D00162468 /* Post.swift */ = {isa = PBXFileReference; lastKnownFileType = sourcecode.swift; path = Post.swift; sourceTree = "<group>"; };
		EB3992ED244835E200162468 /* RedditFetcher.swift */ = {isa = PBXFileReference; lastKnownFileType = sourcecode.swift; path = RedditFetcher.swift; sourceTree = "<group>"; };
		EB3992F124488C3F00162468 /* RedditTableViewCell.swift */ = {isa = PBXFileReference; fileEncoding = 4; lastKnownFileType = sourcecode.swift; path = RedditTableViewCell.swift; sourceTree = "<group>"; };
		EB3992F224488C3F00162468 /* RedditView.swift */ = {isa = PBXFileReference; fileEncoding = 4; lastKnownFileType = sourcecode.swift; path = RedditView.swift; sourceTree = "<group>"; };
		EB3992F324488C3F00162468 /* RedditViewLayout.swift */ = {isa = PBXFileReference; fileEncoding = 4; lastKnownFileType = sourcecode.swift; path = RedditViewLayout.swift; sourceTree = "<group>"; };
		EB3992F424488C3F00162468 /* UsesAutoLayout.swift */ = {isa = PBXFileReference; fileEncoding = 4; lastKnownFileType = sourcecode.swift; path = UsesAutoLayout.swift; sourceTree = "<group>"; };
		EB3992F924488F5E00162468 /* RedditPostLayoutConfiguration.swift */ = {isa = PBXFileReference; lastKnownFileType = sourcecode.swift; path = RedditPostLayoutConfiguration.swift; sourceTree = "<group>"; };
		EB3992FC2448957D00162468 /* String+Localization.swift */ = {isa = PBXFileReference; lastKnownFileType = sourcecode.swift; path = "String+Localization.swift"; sourceTree = "<group>"; };
		EB3992FE2448A43700162468 /* UIImageView+Networking.swift */ = {isa = PBXFileReference; lastKnownFileType = sourcecode.swift; path = "UIImageView+Networking.swift"; sourceTree = "<group>"; };
		EB9F1F772447AE0E000669C6 /* Reddit.app */ = {isa = PBXFileReference; explicitFileType = wrapper.application; includeInIndex = 0; path = Reddit.app; sourceTree = BUILT_PRODUCTS_DIR; };
		EB9F1F882447AE12000669C6 /* Info.plist */ = {isa = PBXFileReference; lastKnownFileType = text.plist.xml; path = Info.plist; sourceTree = "<group>"; };
		EB9F1F8D2447AE12000669C6 /* RedditTests.xctest */ = {isa = PBXFileReference; explicitFileType = wrapper.cfbundle; includeInIndex = 0; path = RedditTests.xctest; sourceTree = BUILT_PRODUCTS_DIR; };
		EB9F1F912447AE12000669C6 /* RedditTests.swift */ = {isa = PBXFileReference; lastKnownFileType = sourcecode.swift; path = RedditTests.swift; sourceTree = "<group>"; };
		EB9F1F932447AE12000669C6 /* Info.plist */ = {isa = PBXFileReference; lastKnownFileType = text.plist.xml; path = Info.plist; sourceTree = "<group>"; };
		EB9F1F9E2447AFEF000669C6 /* AppDelegate.swift */ = {isa = PBXFileReference; fileEncoding = 4; lastKnownFileType = sourcecode.swift; path = AppDelegate.swift; sourceTree = "<group>"; };
		EB9F1F9F2447AFEF000669C6 /* SceneDelegate.swift */ = {isa = PBXFileReference; fileEncoding = 4; lastKnownFileType = sourcecode.swift; path = SceneDelegate.swift; sourceTree = "<group>"; };
		EB9F1FA42447B29D000669C6 /* Routable.swift */ = {isa = PBXFileReference; fileEncoding = 4; lastKnownFileType = sourcecode.swift; path = Routable.swift; sourceTree = "<group>"; };
		EB9F1FA52447B29D000669C6 /* Presentable.swift */ = {isa = PBXFileReference; fileEncoding = 4; lastKnownFileType = sourcecode.swift; path = Presentable.swift; sourceTree = "<group>"; };
		EB9F1FA62447B29D000669C6 /* Coordinatable.swift */ = {isa = PBXFileReference; fileEncoding = 4; lastKnownFileType = sourcecode.swift; path = Coordinatable.swift; sourceTree = "<group>"; };
		EB9F1FA72447B29D000669C6 /* Router.swift */ = {isa = PBXFileReference; fileEncoding = 4; lastKnownFileType = sourcecode.swift; path = Router.swift; sourceTree = "<group>"; };
		EB9F1FA82447B29D000669C6 /* MainCoordinator.swift */ = {isa = PBXFileReference; fileEncoding = 4; lastKnownFileType = sourcecode.swift; path = MainCoordinator.swift; sourceTree = "<group>"; };
		EB9F1FA92447B29D000669C6 /* BaseCoordinator.swift */ = {isa = PBXFileReference; fileEncoding = 4; lastKnownFileType = sourcecode.swift; path = BaseCoordinator.swift; sourceTree = "<group>"; };
/* End PBXFileReference section */

/* Begin PBXFrameworksBuildPhase section */
		EB9F1F742447AE0E000669C6 /* Frameworks */ = {
			isa = PBXFrameworksBuildPhase;
			buildActionMask = 2147483647;
			files = (
			);
			runOnlyForDeploymentPostprocessing = 0;
		};
		EB9F1F8A2447AE12000669C6 /* Frameworks */ = {
			isa = PBXFrameworksBuildPhase;
			buildActionMask = 2147483647;
			files = (
			);
			runOnlyForDeploymentPostprocessing = 0;
		};
/* End PBXFrameworksBuildPhase section */

/* Begin PBXGroup section */
		08003275496FC602084170BB /* Modules */ = {
			isa = PBXGroup;
			children = (
				65A4CA765BA1C717CFA41DAB /* RedditList */,
			);
			path = Modules;
			sourceTree = "<group>";
		};
		347192EF7D06038A05DB47EE /* Wireframe */ = {
			isa = PBXGroup;
			children = (
				CF02AB6F1611BAD28B1E856B /* RedditListWireframeTests.swift */,
			);
			path = Wireframe;
			sourceTree = "<group>";
		};
		3723EEAFE0D69CD9F684A7A7 /* Interactor */ = {
			isa = PBXGroup;
			children = (
				44F81AB0B80808F0D9C0DC50 /* RedditListInteractorInput.swift */,
				D5DA41A77D2D5B180D3B9340 /* RedditListInteractorOutput.swift */,
				61B7CA259DE1588215BB7C6F /* RedditListInteractor.swift */,
			);
			path = Interactor;
			sourceTree = "<group>";
		};
		37D3D894A30131DEF0F6FB95 /* View */ = {
			isa = PBXGroup;
			children = (
				066A9B37F593A487C188EFA8 /* RedditListViewTests.swift */,
			);
			path = View;
			sourceTree = "<group>";
		};
		45D31704E7FA6095714D7C2E /* Modules */ = {
			isa = PBXGroup;
			children = (
				62FB8C59EFBCB6C614A5E8F9 /* RedditList */,
			);
			path = Modules;
			sourceTree = "<group>";
		};
		5E11A6F1777319377E14DFC0 /* View */ = {
			isa = PBXGroup;
			children = (
				EB3992F924488F5E00162468 /* RedditPostLayoutConfiguration.swift */,
				6EBBEE75B736CA8226501C6B /* RedditListViewInput.swift */,
				B6D76412A119F84CA7E42BB5 /* RedditListViewOutput.swift */,
				026FD4768901D795037476F6 /* RedditListViewController.swift */,
			);
			path = View;
			sourceTree = "<group>";
		};
		62FB8C59EFBCB6C614A5E8F9 /* RedditList */ = {
			isa = PBXGroup;
			children = (
				5E11A6F1777319377E14DFC0 /* View */,
				999E0164933C4CAF14A78B65 /* Presenter */,
				3723EEAFE0D69CD9F684A7A7 /* Interactor */,
				C11C4E15E13BD91060D153A0 /* Wireframe */,
			);
			path = RedditList;
			sourceTree = "<group>";
		};
		65A4CA765BA1C717CFA41DAB /* RedditList */ = {
			isa = PBXGroup;
			children = (
				37D3D894A30131DEF0F6FB95 /* View */,
				88193B98294D96971F735F75 /* Presenter */,
				A06502E279AF1CF372260B60 /* Interactor */,
				347192EF7D06038A05DB47EE /* Wireframe */,
			);
			path = RedditList;
			sourceTree = "<group>";
		};
		88193B98294D96971F735F75 /* Presenter */ = {
			isa = PBXGroup;
			children = (
				23F536B69B353FBF70115866 /* RedditListPresenterTests.swift */,
			);
			path = Presenter;
			sourceTree = "<group>";
		};
		999E0164933C4CAF14A78B65 /* Presenter */ = {
			isa = PBXGroup;
			children = (
				9683FE587BC2C478A0C7A6B0 /* RedditListModuleInput.swift */,
				13ECE0AEB1DEEA0B4278ECB3 /* RedditListPresenter.swift */,
			);
			path = Presenter;
			sourceTree = "<group>";
		};
		A06502E279AF1CF372260B60 /* Interactor */ = {
			isa = PBXGroup;
			children = (
				7ED9AC0777FA7380D1D9CE7E /* RedditListInteractorTests.swift */,
			);
			path = Interactor;
			sourceTree = "<group>";
		};
		C11C4E15E13BD91060D153A0 /* Wireframe */ = {
			isa = PBXGroup;
			children = (
				24027B2EE7CCBBDF9A7B9C85 /* RedditListWireframeInput.swift */,
				8381BB6E954B529C20C2B3CE /* RedditListCoordinator.swift */,
				5FCD3C849F6C0DC3E6F5403A /* RedditListAssembly.swift */,
				5DD5563F118088DFB381002C /* RedditListFactory.swift */,
			);
			path = Wireframe;
			sourceTree = "<group>";
		};
		EB3992E724482B3D00162468 /* RedditApi */ = {
			isa = PBXGroup;
			children = (
				EB3992ED244835E200162468 /* RedditFetcher.swift */,
			);
			path = RedditApi;
			sourceTree = "<group>";
		};
		EB3992E824482B6C00162468 /* Models */ = {
			isa = PBXGroup;
			children = (
				EB3992E924482B9400162468 /* RedditResponse.swift */,
				EB3992EB24482C8D00162468 /* Post.swift */,
			);
			path = Models;
			sourceTree = "<group>";
		};
		EB3992EF24488C3F00162468 /* Common */ = {
			isa = PBXGroup;
			children = (
				EB3992FB2448957200162468 /* Extensions */,
				EB3992F024488C3F00162468 /* LayoutConfiguration */,
			);
			path = Common;
			sourceTree = "<group>";
		};
		EB3992F024488C3F00162468 /* LayoutConfiguration */ = {
			isa = PBXGroup;
			children = (
				EB3992F424488C3F00162468 /* UsesAutoLayout.swift */,
				EB3992F324488C3F00162468 /* RedditViewLayout.swift */,
				EB3992F224488C3F00162468 /* RedditView.swift */,
				EB3992F124488C3F00162468 /* RedditTableViewCell.swift */,
			);
			path = LayoutConfiguration;
			sourceTree = "<group>";
		};
		EB3992FB2448957200162468 /* Extensions */ = {
			isa = PBXGroup;
			children = (
				EB3992FC2448957D00162468 /* String+Localization.swift */,
				EB3992FE2448A43700162468 /* UIImageView+Networking.swift */,
			);
			path = Extensions;
			sourceTree = "<group>";
		};
		EB9F1F6E2447AE0E000669C6 = {
			isa = PBXGroup;
			children = (
				EB9F1F792447AE0E000669C6 /* Reddit */,
				EB9F1F902447AE12000669C6 /* RedditTests */,
				EB9F1F782447AE0E000669C6 /* Products */,
			);
			sourceTree = "<group>";
		};
		EB9F1F782447AE0E000669C6 /* Products */ = {
			isa = PBXGroup;
			children = (
				EB9F1F772447AE0E000669C6 /* Reddit.app */,
				EB9F1F8D2447AE12000669C6 /* RedditTests.xctest */,
			);
			name = Products;
			sourceTree = "<group>";
		};
		EB9F1F792447AE0E000669C6 /* Reddit */ = {
			isa = PBXGroup;
			children = (
				EB9F1F9C2447AFEF000669C6 /* Sources */,
				EB9F1F882447AE12000669C6 /* Info.plist */,
			);
			path = Reddit;
			sourceTree = "<group>";
		};
		EB9F1F902447AE12000669C6 /* RedditTests */ = {
			isa = PBXGroup;
			children = (
				08003275496FC602084170BB /* Modules */,
				EB9F1F912447AE12000669C6 /* RedditTests.swift */,
				EB9F1F932447AE12000669C6 /* Info.plist */,
			);
			path = RedditTests;
			sourceTree = "<group>";
		};
		EB9F1F9C2447AFEF000669C6 /* Sources */ = {
			isa = PBXGroup;
			children = (
				EB9F1FA32447B29D000669C6 /* Coordinator */,
				45D31704E7FA6095714D7C2E /* Modules */,
				EB3992E724482B3D00162468 /* RedditApi */,
				EB3992E824482B6C00162468 /* Models */,
				EB3992EF24488C3F00162468 /* Common */,
				EB9F1F9D2447AFEF000669C6 /* Misc */,
			);
			path = Sources;
			sourceTree = "<group>";
		};
		EB9F1F9D2447AFEF000669C6 /* Misc */ = {
			isa = PBXGroup;
			children = (
				EB9F1F9E2447AFEF000669C6 /* AppDelegate.swift */,
				EB9F1F9F2447AFEF000669C6 /* SceneDelegate.swift */,
			);
			path = Misc;
			sourceTree = "<group>";
		};
		EB9F1FA32447B29D000669C6 /* Coordinator */ = {
			isa = PBXGroup;
			children = (
				EB9F1FA42447B29D000669C6 /* Routable.swift */,
				EB9F1FA52447B29D000669C6 /* Presentable.swift */,
				EB9F1FA62447B29D000669C6 /* Coordinatable.swift */,
				EB9F1FA72447B29D000669C6 /* Router.swift */,
				EB9F1FA82447B29D000669C6 /* MainCoordinator.swift */,
				EB9F1FA92447B29D000669C6 /* BaseCoordinator.swift */,
			);
			path = Coordinator;
			sourceTree = "<group>";
		};
/* End PBXGroup section */

/* Begin PBXNativeTarget section */
		EB9F1F762447AE0E000669C6 /* Reddit */ = {
			isa = PBXNativeTarget;
			buildConfigurationList = EB9F1F962447AE12000669C6 /* Build configuration list for PBXNativeTarget "Reddit" */;
			buildPhases = (
				EB9F1F732447AE0E000669C6 /* Sources */,
				EB9F1F742447AE0E000669C6 /* Frameworks */,
				EB9F1F752447AE0E000669C6 /* Resources */,
			);
			buildRules = (
			);
			dependencies = (
			);
			name = Reddit;
			productName = Reddit;
			productReference = EB9F1F772447AE0E000669C6 /* Reddit.app */;
			productType = "com.apple.product-type.application";
		};
		EB9F1F8C2447AE12000669C6 /* RedditTests */ = {
			isa = PBXNativeTarget;
			buildConfigurationList = EB9F1F992447AE12000669C6 /* Build configuration list for PBXNativeTarget "RedditTests" */;
			buildPhases = (
				EB9F1F892447AE12000669C6 /* Sources */,
				EB9F1F8A2447AE12000669C6 /* Frameworks */,
				EB9F1F8B2447AE12000669C6 /* Resources */,
			);
			buildRules = (
			);
			dependencies = (
				EB9F1F8F2447AE12000669C6 /* PBXTargetDependency */,
			);
			name = RedditTests;
			productName = RedditTests;
			productReference = EB9F1F8D2447AE12000669C6 /* RedditTests.xctest */;
			productType = "com.apple.product-type.bundle.unit-test";
		};
/* End PBXNativeTarget section */

/* Begin PBXProject section */
		EB9F1F6F2447AE0E000669C6 /* Project object */ = {
			isa = PBXProject;
			attributes = {
				LastSwiftUpdateCheck = 1140;
				LastUpgradeCheck = 1140;
				ORGANIZATIONNAME = "Pavlo B";
				TargetAttributes = {
					EB9F1F762447AE0E000669C6 = {
						CreatedOnToolsVersion = 11.4;
					};
					EB9F1F8C2447AE12000669C6 = {
						CreatedOnToolsVersion = 11.4;
						TestTargetID = EB9F1F762447AE0E000669C6;
					};
				};
			};
			buildConfigurationList = EB9F1F722447AE0E000669C6 /* Build configuration list for PBXProject "Reddit" */;
			compatibilityVersion = "Xcode 9.3";
			developmentRegion = en;
			hasScannedForEncodings = 0;
			knownRegions = (
				en,
				Base,
			);
			mainGroup = EB9F1F6E2447AE0E000669C6;
			productRefGroup = EB9F1F782447AE0E000669C6 /* Products */;
			projectDirPath = "";
			projectRoot = "";
			targets = (
				EB9F1F762447AE0E000669C6 /* Reddit */,
				EB9F1F8C2447AE12000669C6 /* RedditTests */,
			);
		};
/* End PBXProject section */

/* Begin PBXResourcesBuildPhase section */
		EB9F1F752447AE0E000669C6 /* Resources */ = {
			isa = PBXResourcesBuildPhase;
			buildActionMask = 2147483647;
			files = (
			);
			runOnlyForDeploymentPostprocessing = 0;
		};
		EB9F1F8B2447AE12000669C6 /* Resources */ = {
			isa = PBXResourcesBuildPhase;
			buildActionMask = 2147483647;
			files = (
			);
			runOnlyForDeploymentPostprocessing = 0;
		};
/* End PBXResourcesBuildPhase section */

/* Begin PBXSourcesBuildPhase section */
		EB9F1F732447AE0E000669C6 /* Sources */ = {
			isa = PBXSourcesBuildPhase;
			buildActionMask = 2147483647;
			files = (
				EB9F1FA12447AFEF000669C6 /* AppDelegate.swift in Sources */,
				EB3992EC24482C8D00162468 /* Post.swift in Sources */,
				EB3992F724488C4000162468 /* RedditViewLayout.swift in Sources */,
				EB9F1FAE2447B29D000669C6 /* MainCoordinator.swift in Sources */,
				EB9F1FAB2447B29D000669C6 /* Presentable.swift in Sources */,
				EB3992EE244835E200162468 /* RedditFetcher.swift in Sources */,
				EB9F1FAC2447B29D000669C6 /* Coordinatable.swift in Sources */,
				EB9F1FAA2447B29D000669C6 /* Routable.swift in Sources */,
				EB3992FD2448957D00162468 /* String+Localization.swift in Sources */,
				EB9F1FAD2447B29D000669C6 /* Router.swift in Sources */,
				EB9F1FA22447AFEF000669C6 /* SceneDelegate.swift in Sources */,
				EB3992F824488C4000162468 /* UsesAutoLayout.swift in Sources */,
				EB9F1FAF2447B29D000669C6 /* BaseCoordinator.swift in Sources */,
				B3BE136892896780B6CF05CD /* RedditListViewInput.swift in Sources */,
				EB3992F524488C4000162468 /* RedditTableViewCell.swift in Sources */,
				EB3992FA24488F5E00162468 /* RedditPostLayoutConfiguration.swift in Sources */,
				D76D6A3CFD1CE5109A2B05F7 /* RedditListViewOutput.swift in Sources */,
				3C4FFC8AADA478F004BC0A99 /* RedditListViewController.swift in Sources */,
				3966DEDAE0A570CCEAD820AA /* RedditListModuleInput.swift in Sources */,
				63116D3F8849B5D533F8E8E9 /* RedditListPresenter.swift in Sources */,
				CB650D03A30921CFD7DB3726 /* RedditListInteractorInput.swift in Sources */,
				EB3992EA24482B9400162468 /* RedditResponse.swift in Sources */,
				69C8F5D394C0D2FF04CD5C06 /* RedditListInteractorOutput.swift in Sources */,
				640482783AAEA746CDD3E84A /* RedditListInteractor.swift in Sources */,
				6508E59C3C573B51C6E53CBB /* RedditListWireframeInput.swift in Sources */,
				EB3992F624488C4000162468 /* RedditView.swift in Sources */,
				EB3992FF2448A43700162468 /* UIImageView+Networking.swift in Sources */,
				42473F7BE93B94EF32FB6AA7 /* RedditListCoordinator.swift in Sources */,
				DCF624130D33F49580FA617B /* RedditListAssembly.swift in Sources */,
				60EAFD45D3406EECEDD182B0 /* RedditListFactory.swift in Sources */,
			);
			runOnlyForDeploymentPostprocessing = 0;
		};
		EB9F1F892447AE12000669C6 /* Sources */ = {
			isa = PBXSourcesBuildPhase;
			buildActionMask = 2147483647;
			files = (
				EB9F1F922447AE12000669C6 /* RedditTests.swift in Sources */,
				FF78F73BDB5720D8A1F2D859 /* RedditListViewTests.swift in Sources */,
				061ABD9FC7115AE4F8DA8C42 /* RedditListPresenterTests.swift in Sources */,
				2F06B22D87606BFF8EB6CED6 /* RedditListInteractorTests.swift in Sources */,
				E9EA82FED0B9728A517FF8CD /* RedditListWireframeTests.swift in Sources */,
			);
			runOnlyForDeploymentPostprocessing = 0;
		};
/* End PBXSourcesBuildPhase section */

/* Begin PBXTargetDependency section */
		EB9F1F8F2447AE12000669C6 /* PBXTargetDependency */ = {
			isa = PBXTargetDependency;
			target = EB9F1F762447AE0E000669C6 /* Reddit */;
			targetProxy = EB9F1F8E2447AE12000669C6 /* PBXContainerItemProxy */;
		};
/* End PBXTargetDependency section */

/* Begin XCBuildConfiguration section */
		EB9F1F942447AE12000669C6 /* Debug */ = {
			isa = XCBuildConfiguration;
			buildSettings = {
				ALWAYS_SEARCH_USER_PATHS = NO;
				CLANG_ANALYZER_NONNULL = YES;
				CLANG_ANALYZER_NUMBER_OBJECT_CONVERSION = YES_AGGRESSIVE;
				CLANG_CXX_LANGUAGE_STANDARD = "gnu++14";
				CLANG_CXX_LIBRARY = "libc++";
				CLANG_ENABLE_MODULES = YES;
				CLANG_ENABLE_OBJC_ARC = YES;
				CLANG_ENABLE_OBJC_WEAK = YES;
				CLANG_WARN_BLOCK_CAPTURE_AUTORELEASING = YES;
				CLANG_WARN_BOOL_CONVERSION = YES;
				CLANG_WARN_COMMA = YES;
				CLANG_WARN_CONSTANT_CONVERSION = YES;
				CLANG_WARN_DEPRECATED_OBJC_IMPLEMENTATIONS = YES;
				CLANG_WARN_DIRECT_OBJC_ISA_USAGE = YES_ERROR;
				CLANG_WARN_DOCUMENTATION_COMMENTS = YES;
				CLANG_WARN_EMPTY_BODY = YES;
				CLANG_WARN_ENUM_CONVERSION = YES;
				CLANG_WARN_INFINITE_RECURSION = YES;
				CLANG_WARN_INT_CONVERSION = YES;
				CLANG_WARN_NON_LITERAL_NULL_CONVERSION = YES;
				CLANG_WARN_OBJC_IMPLICIT_RETAIN_SELF = YES;
				CLANG_WARN_OBJC_LITERAL_CONVERSION = YES;
				CLANG_WARN_OBJC_ROOT_CLASS = YES_ERROR;
				CLANG_WARN_RANGE_LOOP_ANALYSIS = YES;
				CLANG_WARN_STRICT_PROTOTYPES = YES;
				CLANG_WARN_SUSPICIOUS_MOVE = YES;
				CLANG_WARN_UNGUARDED_AVAILABILITY = YES_AGGRESSIVE;
				CLANG_WARN_UNREACHABLE_CODE = YES;
				CLANG_WARN__DUPLICATE_METHOD_MATCH = YES;
				COPY_PHASE_STRIP = NO;
				DEBUG_INFORMATION_FORMAT = dwarf;
				ENABLE_STRICT_OBJC_MSGSEND = YES;
				ENABLE_TESTABILITY = YES;
				GCC_C_LANGUAGE_STANDARD = gnu11;
				GCC_DYNAMIC_NO_PIC = NO;
				GCC_NO_COMMON_BLOCKS = YES;
				GCC_OPTIMIZATION_LEVEL = 0;
				GCC_PREPROCESSOR_DEFINITIONS = (
					"DEBUG=1",
					"$(inherited)",
				);
				GCC_WARN_64_TO_32_BIT_CONVERSION = YES;
				GCC_WARN_ABOUT_RETURN_TYPE = YES_ERROR;
				GCC_WARN_UNDECLARED_SELECTOR = YES;
				GCC_WARN_UNINITIALIZED_AUTOS = YES_AGGRESSIVE;
				GCC_WARN_UNUSED_FUNCTION = YES;
				GCC_WARN_UNUSED_VARIABLE = YES;
				IPHONEOS_DEPLOYMENT_TARGET = 13.4;
				MTL_ENABLE_DEBUG_INFO = INCLUDE_SOURCE;
				MTL_FAST_MATH = YES;
				ONLY_ACTIVE_ARCH = YES;
				SDKROOT = iphoneos;
				SWIFT_ACTIVE_COMPILATION_CONDITIONS = DEBUG;
				SWIFT_OPTIMIZATION_LEVEL = "-Onone";
			};
			name = Debug;
		};
		EB9F1F952447AE12000669C6 /* Release */ = {
			isa = XCBuildConfiguration;
			buildSettings = {
				ALWAYS_SEARCH_USER_PATHS = NO;
				CLANG_ANALYZER_NONNULL = YES;
				CLANG_ANALYZER_NUMBER_OBJECT_CONVERSION = YES_AGGRESSIVE;
				CLANG_CXX_LANGUAGE_STANDARD = "gnu++14";
				CLANG_CXX_LIBRARY = "libc++";
				CLANG_ENABLE_MODULES = YES;
				CLANG_ENABLE_OBJC_ARC = YES;
				CLANG_ENABLE_OBJC_WEAK = YES;
				CLANG_WARN_BLOCK_CAPTURE_AUTORELEASING = YES;
				CLANG_WARN_BOOL_CONVERSION = YES;
				CLANG_WARN_COMMA = YES;
				CLANG_WARN_CONSTANT_CONVERSION = YES;
				CLANG_WARN_DEPRECATED_OBJC_IMPLEMENTATIONS = YES;
				CLANG_WARN_DIRECT_OBJC_ISA_USAGE = YES_ERROR;
				CLANG_WARN_DOCUMENTATION_COMMENTS = YES;
				CLANG_WARN_EMPTY_BODY = YES;
				CLANG_WARN_ENUM_CONVERSION = YES;
				CLANG_WARN_INFINITE_RECURSION = YES;
				CLANG_WARN_INT_CONVERSION = YES;
				CLANG_WARN_NON_LITERAL_NULL_CONVERSION = YES;
				CLANG_WARN_OBJC_IMPLICIT_RETAIN_SELF = YES;
				CLANG_WARN_OBJC_LITERAL_CONVERSION = YES;
				CLANG_WARN_OBJC_ROOT_CLASS = YES_ERROR;
				CLANG_WARN_RANGE_LOOP_ANALYSIS = YES;
				CLANG_WARN_STRICT_PROTOTYPES = YES;
				CLANG_WARN_SUSPICIOUS_MOVE = YES;
				CLANG_WARN_UNGUARDED_AVAILABILITY = YES_AGGRESSIVE;
				CLANG_WARN_UNREACHABLE_CODE = YES;
				CLANG_WARN__DUPLICATE_METHOD_MATCH = YES;
				COPY_PHASE_STRIP = NO;
				DEBUG_INFORMATION_FORMAT = "dwarf-with-dsym";
				ENABLE_NS_ASSERTIONS = NO;
				ENABLE_STRICT_OBJC_MSGSEND = YES;
				GCC_C_LANGUAGE_STANDARD = gnu11;
				GCC_NO_COMMON_BLOCKS = YES;
				GCC_WARN_64_TO_32_BIT_CONVERSION = YES;
				GCC_WARN_ABOUT_RETURN_TYPE = YES_ERROR;
				GCC_WARN_UNDECLARED_SELECTOR = YES;
				GCC_WARN_UNINITIALIZED_AUTOS = YES_AGGRESSIVE;
				GCC_WARN_UNUSED_FUNCTION = YES;
				GCC_WARN_UNUSED_VARIABLE = YES;
				IPHONEOS_DEPLOYMENT_TARGET = 13.4;
				MTL_ENABLE_DEBUG_INFO = NO;
				MTL_FAST_MATH = YES;
				SDKROOT = iphoneos;
				SWIFT_COMPILATION_MODE = wholemodule;
				SWIFT_OPTIMIZATION_LEVEL = "-O";
				VALIDATE_PRODUCT = YES;
			};
			name = Release;
		};
		EB9F1F972447AE12000669C6 /* Debug */ = {
			isa = XCBuildConfiguration;
			buildSettings = {
				ASSETCATALOG_COMPILER_APPICON_NAME = AppIcon;
				CODE_SIGN_STYLE = Automatic;
				INFOPLIST_FILE = Reddit/Info.plist;
				LD_RUNPATH_SEARCH_PATHS = (
					"$(inherited)",
					"@executable_path/Frameworks",
				);
				PRODUCT_BUNDLE_IDENTIFIER = io.Reddit;
				PRODUCT_NAME = "$(TARGET_NAME)";
				SWIFT_VERSION = 5.0;
				TARGETED_DEVICE_FAMILY = "1,2";
			};
			name = Debug;
		};
		EB9F1F982447AE12000669C6 /* Release */ = {
			isa = XCBuildConfiguration;
			buildSettings = {
				ASSETCATALOG_COMPILER_APPICON_NAME = AppIcon;
				CODE_SIGN_STYLE = Automatic;
				INFOPLIST_FILE = Reddit/Info.plist;
				LD_RUNPATH_SEARCH_PATHS = (
					"$(inherited)",
					"@executable_path/Frameworks",
				);
				PRODUCT_BUNDLE_IDENTIFIER = io.Reddit;
				PRODUCT_NAME = "$(TARGET_NAME)";
				SWIFT_VERSION = 5.0;
				TARGETED_DEVICE_FAMILY = "1,2";
			};
			name = Release;
		};
		EB9F1F9A2447AE12000669C6 /* Debug */ = {
			isa = XCBuildConfiguration;
			buildSettings = {
				ALWAYS_EMBED_SWIFT_STANDARD_LIBRARIES = YES;
				BUNDLE_LOADER = "$(TEST_HOST)";
				CODE_SIGN_STYLE = Automatic;
				INFOPLIST_FILE = RedditTests/Info.plist;
				IPHONEOS_DEPLOYMENT_TARGET = 13.4;
				LD_RUNPATH_SEARCH_PATHS = (
					"$(inherited)",
					"@executable_path/Frameworks",
					"@loader_path/Frameworks",
				);
				PRODUCT_BUNDLE_IDENTIFIER = io.RedditTests;
				PRODUCT_NAME = "$(TARGET_NAME)";
				SWIFT_VERSION = 5.0;
				TARGETED_DEVICE_FAMILY = "1,2";
				TEST_HOST = "$(BUILT_PRODUCTS_DIR)/Reddit.app/Reddit";
			};
			name = Debug;
		};
		EB9F1F9B2447AE12000669C6 /* Release */ = {
			isa = XCBuildConfiguration;
			buildSettings = {
				ALWAYS_EMBED_SWIFT_STANDARD_LIBRARIES = YES;
				BUNDLE_LOADER = "$(TEST_HOST)";
				CODE_SIGN_STYLE = Automatic;
				INFOPLIST_FILE = RedditTests/Info.plist;
				IPHONEOS_DEPLOYMENT_TARGET = 13.4;
				LD_RUNPATH_SEARCH_PATHS = (
					"$(inherited)",
					"@executable_path/Frameworks",
					"@loader_path/Frameworks",
				);
				PRODUCT_BUNDLE_IDENTIFIER = io.RedditTests;
				PRODUCT_NAME = "$(TARGET_NAME)";
				SWIFT_VERSION = 5.0;
				TARGETED_DEVICE_FAMILY = "1,2";
				TEST_HOST = "$(BUILT_PRODUCTS_DIR)/Reddit.app/Reddit";
			};
			name = Release;
		};
/* End XCBuildConfiguration section */

/* Begin XCConfigurationList section */
		EB9F1F722447AE0E000669C6 /* Build configuration list for PBXProject "Reddit" */ = {
			isa = XCConfigurationList;
			buildConfigurations = (
				EB9F1F942447AE12000669C6 /* Debug */,
				EB9F1F952447AE12000669C6 /* Release */,
			);
			defaultConfigurationIsVisible = 0;
			defaultConfigurationName = Release;
		};
		EB9F1F962447AE12000669C6 /* Build configuration list for PBXNativeTarget "Reddit" */ = {
			isa = XCConfigurationList;
			buildConfigurations = (
				EB9F1F972447AE12000669C6 /* Debug */,
				EB9F1F982447AE12000669C6 /* Release */,
			);
			defaultConfigurationIsVisible = 0;
			defaultConfigurationName = Release;
		};
		EB9F1F992447AE12000669C6 /* Build configuration list for PBXNativeTarget "RedditTests" */ = {
			isa = XCConfigurationList;
			buildConfigurations = (
				EB9F1F9A2447AE12000669C6 /* Debug */,
				EB9F1F9B2447AE12000669C6 /* Release */,
			);
			defaultConfigurationIsVisible = 0;
			defaultConfigurationName = Release;
		};
/* End XCConfigurationList section */
	};
	rootObject = EB9F1F6F2447AE0E000669C6 /* Project object */;
}
